// !$*UTF8*$!
{
	archiveVersion = 1;
	classes = {
	};
	objectVersion = 51;
	objects = {

/* Begin PBXBuildFile section */
		8D34E4A4242DD60F009D4CB4 /* GroupCell.swift in Sources */ = {isa = PBXBuildFile; fileRef = 8D34E4A3242DD60F009D4CB4 /* GroupCell.swift */; };
		8D35C528242527C80037700C /* CreateGroupsVC.swift in Sources */ = {isa = PBXBuildFile; fileRef = 8D35C527242527C80037700C /* CreateGroupsVC.swift */; };
		8D3A05F8241A33FA007A6B95 /* AuthVC.swift in Sources */ = {isa = PBXBuildFile; fileRef = 8D3A05F7241A33F9007A6B95 /* AuthVC.swift */; };
		8D3A05FA241A345E007A6B95 /* LoginVC.swift in Sources */ = {isa = PBXBuildFile; fileRef = 8D3A05F9241A345E007A6B95 /* LoginVC.swift */; };
		8D3A05FC241A3E7C007A6B95 /* InsetTextField.swift in Sources */ = {isa = PBXBuildFile; fileRef = 8D3A05FB241A3E7C007A6B95 /* InsetTextField.swift */; };
		8D3A05FE241A5F38007A6B95 /* ShadowView.swift in Sources */ = {isa = PBXBuildFile; fileRef = 8D3A05FD241A5F38007A6B95 /* ShadowView.swift */; };
		8D3B496E241A17050060F7B4 /* SceneDelegate.swift in Sources */ = {isa = PBXBuildFile; fileRef = 8D3B496D241A17050060F7B4 /* SceneDelegate.swift */; };
		8D3B4970241A17050060F7B4 /* FeedVC.swift in Sources */ = {isa = PBXBuildFile; fileRef = 8D3B496F241A17050060F7B4 /* FeedVC.swift */; };
		8D3B4972241A17050060F7B4 /* GroupVC.swift in Sources */ = {isa = PBXBuildFile; fileRef = 8D3B4971241A17050060F7B4 /* GroupVC.swift */; };
		8D3B4975241A17050060F7B4 /* Main.storyboard in Resources */ = {isa = PBXBuildFile; fileRef = 8D3B4973241A17050060F7B4 /* Main.storyboard */; };
		8D3B4977241A17060060F7B4 /* Assets.xcassets in Resources */ = {isa = PBXBuildFile; fileRef = 8D3B4976241A17060060F7B4 /* Assets.xcassets */; };
		8D3B497A241A17060060F7B4 /* LaunchScreen.storyboard in Resources */ = {isa = PBXBuildFile; fileRef = 8D3B4978241A17060060F7B4 /* LaunchScreen.storyboard */; };
		8D3C5B43242124A000C518A8 /* CreatePostVC.swift in Sources */ = {isa = PBXBuildFile; fileRef = 8D3C5B42242124A000C518A8 /* CreatePostVC.swift */; };
		8D5EC3BA242C8BB100EEB86B /* UserCell.swift in Sources */ = {isa = PBXBuildFile; fileRef = 8D5EC3B9242C8BB100EEB86B /* UserCell.swift */; };
		8D94D9BE241FBF31003A204A /* AppDelegate.swift in Sources */ = {isa = PBXBuildFile; fileRef = 8D3B496B241A17050060F7B4 /* AppDelegate.swift */; };
		8D94D9C0241FDCD9003A204A /* MeVC.swift in Sources */ = {isa = PBXBuildFile; fileRef = 8D94D9BF241FDCD9003A204A /* MeVC.swift */; };
		8DD9A917241A1D9B004C4A44 /* GoogleService-Info.plist in Resources */ = {isa = PBXBuildFile; fileRef = 8DD9A916241A1D9B004C4A44 /* GoogleService-Info.plist */; };
		8DEFF1FF24225F740072527E /* UIViewExtension.swift in Sources */ = {isa = PBXBuildFile; fileRef = 8DEFF1FE24225F740072527E /* UIViewExtension.swift */; };
		8DEFF2012422672C0072527E /* FeedCell.swift in Sources */ = {isa = PBXBuildFile; fileRef = 8DEFF2002422672C0072527E /* FeedCell.swift */; };
		8DFA151D242F5DCA00F06C82 /* GroupFeedCell.swift in Sources */ = {isa = PBXBuildFile; fileRef = 8DFA151C242F5DCA00F06C82 /* GroupFeedCell.swift */; };
		8DFA151F242F5F0200F06C82 /* GroupFeedVC.swift in Sources */ = {isa = PBXBuildFile; fileRef = 8DFA151E242F5F0200F06C82 /* GroupFeedVC.swift */; };
		8DFA1573242F864700F06C82 /* core.framework in Frameworks */ = {isa = PBXBuildFile; fileRef = 8DFA1572242F864700F06C82 /* core.framework */; };
		8DFA1574242F864700F06C82 /* core.framework in Embed Frameworks */ = {isa = PBXBuildFile; fileRef = 8DFA1572242F864700F06C82 /* core.framework */; settings = {ATTRIBUTES = (CodeSignOnCopy, RemoveHeadersOnCopy, ); }; };
		EFCBB3CF22BD6BDBA1B45DEB /* Pods_breakpoint.framework in Frameworks */ = {isa = PBXBuildFile; fileRef = 74A089A27EF1C36C0A4706F7 /* Pods_breakpoint.framework */; };
/* End PBXBuildFile section */

/* Begin PBXCopyFilesBuildPhase section */
		8DFA1575242F864700F06C82 /* Embed Frameworks */ = {
			isa = PBXCopyFilesBuildPhase;
			buildActionMask = 2147483647;
			dstPath = "";
			dstSubfolderSpec = 10;
			files = (
				8DFA1574242F864700F06C82 /* core.framework in Embed Frameworks */,
			);
			name = "Embed Frameworks";
			runOnlyForDeploymentPostprocessing = 0;
		};
/* End PBXCopyFilesBuildPhase section */

/* Begin PBXFileReference section */
		0500FB48C7D66443ABCDA646 /* Pods-breakpoint.release.xcconfig */ = {isa = PBXFileReference; includeInIndex = 1; lastKnownFileType = text.xcconfig; name = "Pods-breakpoint.release.xcconfig"; path = "Target Support Files/Pods-breakpoint/Pods-breakpoint.release.xcconfig"; sourceTree = "<group>"; };
		74A089A27EF1C36C0A4706F7 /* Pods_breakpoint.framework */ = {isa = PBXFileReference; explicitFileType = wrapper.framework; includeInIndex = 0; path = Pods_breakpoint.framework; sourceTree = BUILT_PRODUCTS_DIR; };
		755DF016C66676272A0A9B31 /* Pods-breakpoint.debug.xcconfig */ = {isa = PBXFileReference; includeInIndex = 1; lastKnownFileType = text.xcconfig; name = "Pods-breakpoint.debug.xcconfig"; path = "Target Support Files/Pods-breakpoint/Pods-breakpoint.debug.xcconfig"; sourceTree = "<group>"; };
		8D34E4A3242DD60F009D4CB4 /* GroupCell.swift */ = {isa = PBXFileReference; lastKnownFileType = sourcecode.swift; path = GroupCell.swift; sourceTree = "<group>"; };
		8D35C527242527C80037700C /* CreateGroupsVC.swift */ = {isa = PBXFileReference; lastKnownFileType = sourcecode.swift; path = CreateGroupsVC.swift; sourceTree = "<group>"; };
		8D3A05F7241A33F9007A6B95 /* AuthVC.swift */ = {isa = PBXFileReference; lastKnownFileType = sourcecode.swift; path = AuthVC.swift; sourceTree = "<group>"; };
		8D3A05F9241A345E007A6B95 /* LoginVC.swift */ = {isa = PBXFileReference; lastKnownFileType = sourcecode.swift; path = LoginVC.swift; sourceTree = "<group>"; };
		8D3A05FB241A3E7C007A6B95 /* InsetTextField.swift */ = {isa = PBXFileReference; lastKnownFileType = sourcecode.swift; path = InsetTextField.swift; sourceTree = "<group>"; };
		8D3A05FD241A5F38007A6B95 /* ShadowView.swift */ = {isa = PBXFileReference; lastKnownFileType = sourcecode.swift; path = ShadowView.swift; sourceTree = "<group>"; };
		8D3B4968241A17050060F7B4 /* breakpoint.app */ = {isa = PBXFileReference; explicitFileType = wrapper.application; includeInIndex = 0; path = breakpoint.app; sourceTree = BUILT_PRODUCTS_DIR; };
		8D3B496B241A17050060F7B4 /* AppDelegate.swift */ = {isa = PBXFileReference; lastKnownFileType = sourcecode.swift; path = AppDelegate.swift; sourceTree = "<group>"; };
		8D3B496D241A17050060F7B4 /* SceneDelegate.swift */ = {isa = PBXFileReference; lastKnownFileType = sourcecode.swift; path = SceneDelegate.swift; sourceTree = "<group>"; };
		8D3B496F241A17050060F7B4 /* FeedVC.swift */ = {isa = PBXFileReference; lastKnownFileType = sourcecode.swift; path = FeedVC.swift; sourceTree = "<group>"; };
		8D3B4971241A17050060F7B4 /* GroupVC.swift */ = {isa = PBXFileReference; lastKnownFileType = sourcecode.swift; path = GroupVC.swift; sourceTree = "<group>"; };
		8D3B4974241A17050060F7B4 /* Base */ = {isa = PBXFileReference; lastKnownFileType = file.storyboard; name = Base; path = Base.lproj/Main.storyboard; sourceTree = "<group>"; };
		8D3B4976241A17060060F7B4 /* Assets.xcassets */ = {isa = PBXFileReference; lastKnownFileType = folder.assetcatalog; path = Assets.xcassets; sourceTree = "<group>"; };
		8D3B4979241A17060060F7B4 /* Base */ = {isa = PBXFileReference; lastKnownFileType = file.storyboard; name = Base; path = Base.lproj/LaunchScreen.storyboard; sourceTree = "<group>"; };
		8D3B497B241A17060060F7B4 /* Info.plist */ = {isa = PBXFileReference; lastKnownFileType = text.plist.xml; path = Info.plist; sourceTree = "<group>"; };
		8D3C5B42242124A000C518A8 /* CreatePostVC.swift */ = {isa = PBXFileReference; lastKnownFileType = sourcecode.swift; path = CreatePostVC.swift; sourceTree = "<group>"; };
		8D5EC3B9242C8BB100EEB86B /* UserCell.swift */ = {isa = PBXFileReference; lastKnownFileType = sourcecode.swift; path = UserCell.swift; sourceTree = "<group>"; };
		8D94D9BF241FDCD9003A204A /* MeVC.swift */ = {isa = PBXFileReference; lastKnownFileType = sourcecode.swift; path = MeVC.swift; sourceTree = "<group>"; };
		8DD9A916241A1D9B004C4A44 /* GoogleService-Info.plist */ = {isa = PBXFileReference; fileEncoding = 4; lastKnownFileType = text.plist.xml; path = "GoogleService-Info.plist"; sourceTree = "<group>"; };
		8DEFF1FE24225F740072527E /* UIViewExtension.swift */ = {isa = PBXFileReference; lastKnownFileType = sourcecode.swift; path = UIViewExtension.swift; sourceTree = "<group>"; };
		8DEFF2002422672C0072527E /* FeedCell.swift */ = {isa = PBXFileReference; lastKnownFileType = sourcecode.swift; path = FeedCell.swift; sourceTree = "<group>"; };
		8DFA151C242F5DCA00F06C82 /* GroupFeedCell.swift */ = {isa = PBXFileReference; lastKnownFileType = sourcecode.swift; path = GroupFeedCell.swift; sourceTree = "<group>"; };
		8DFA151E242F5F0200F06C82 /* GroupFeedVC.swift */ = {isa = PBXFileReference; lastKnownFileType = sourcecode.swift; path = GroupFeedVC.swift; sourceTree = "<group>"; };
		8DFA1521242F5F4100F06C82 /* en */ = {isa = PBXFileReference; lastKnownFileType = text.plist.strings; name = en; path = en.lproj/Main.strings; sourceTree = "<group>"; };
		8DFA1572242F864700F06C82 /* core.framework */ = {isa = PBXFileReference; explicitFileType = wrapper.framework; path = core.framework; sourceTree = BUILT_PRODUCTS_DIR; };
/* End PBXFileReference section */

/* Begin PBXFrameworksBuildPhase section */
		8D3B4965241A17050060F7B4 /* Frameworks */ = {
			isa = PBXFrameworksBuildPhase;
			buildActionMask = 2147483647;
			files = (
				EFCBB3CF22BD6BDBA1B45DEB /* Pods_breakpoint.framework in Frameworks */,
				8DFA1573242F864700F06C82 /* core.framework in Frameworks */,
			);
			runOnlyForDeploymentPostprocessing = 0;
		};
/* End PBXFrameworksBuildPhase section */

/* Begin PBXGroup section */
		8D3B495F241A17050060F7B4 = {
			isa = PBXGroup;
			children = (
				8D3B496A241A17050060F7B4 /* breakpoint */,
				8D3B4969241A17050060F7B4 /* Products */,
				E8F80CB6964177026BEFC2F8 /* Pods */,
				D383D1EA2E254CEE55539F2B /* Frameworks */,
			);
			sourceTree = "<group>";
		};
		8D3B4969241A17050060F7B4 /* Products */ = {
			isa = PBXGroup;
			children = (
				8D3B4968241A17050060F7B4 /* breakpoint.app */,
			);
			name = Products;
			sourceTree = "<group>";
		};
		8D3B496A241A17050060F7B4 /* breakpoint */ = {
			isa = PBXGroup;
			children = (
				8DD9A915241A184D004C4A44 /* Extensions */,
				8DD9A912241A1831004C4A44 /* View */,
				8DD9A911241A1808004C4A44 /* Controller */,
				8D3B496B241A17050060F7B4 /* AppDelegate.swift */,
				8D3B496D241A17050060F7B4 /* SceneDelegate.swift */,
				8D3B4973241A17050060F7B4 /* Main.storyboard */,
				8D3B4976241A17060060F7B4 /* Assets.xcassets */,
				8D3B4978241A17060060F7B4 /* LaunchScreen.storyboard */,
				8D3B497B241A17060060F7B4 /* Info.plist */,
				8DD9A916241A1D9B004C4A44 /* GoogleService-Info.plist */,
			);
			path = breakpoint;
			sourceTree = "<group>";
		};
		8DD9A911241A1808004C4A44 /* Controller */ = {
			isa = PBXGroup;
			children = (
				8D3B496F241A17050060F7B4 /* FeedVC.swift */,
				8D3B4971241A17050060F7B4 /* GroupVC.swift */,
				8D3A05F7241A33F9007A6B95 /* AuthVC.swift */,
				8D3A05F9241A345E007A6B95 /* LoginVC.swift */,
				8D94D9BF241FDCD9003A204A /* MeVC.swift */,
				8D3C5B42242124A000C518A8 /* CreatePostVC.swift */,
				8D35C527242527C80037700C /* CreateGroupsVC.swift */,
				8DFA151E242F5F0200F06C82 /* GroupFeedVC.swift */,
			);
			path = Controller;
			sourceTree = "<group>";
		};
		8DD9A912241A1831004C4A44 /* View */ = {
			isa = PBXGroup;
			children = (
				8D3A05FB241A3E7C007A6B95 /* InsetTextField.swift */,
				8D3A05FD241A5F38007A6B95 /* ShadowView.swift */,
				8DEFF2002422672C0072527E /* FeedCell.swift */,
				8D5EC3B9242C8BB100EEB86B /* UserCell.swift */,
				8D34E4A3242DD60F009D4CB4 /* GroupCell.swift */,
				8DFA151C242F5DCA00F06C82 /* GroupFeedCell.swift */,
			);
			path = View;
			sourceTree = "<group>";
		};
		8DD9A915241A184D004C4A44 /* Extensions */ = {
			isa = PBXGroup;
			children = (
				8DEFF1FE24225F740072527E /* UIViewExtension.swift */,
			);
			path = Extensions;
			sourceTree = "<group>";
		};
		D383D1EA2E254CEE55539F2B /* Frameworks */ = {
			isa = PBXGroup;
			children = (
				8DFA1572242F864700F06C82 /* core.framework */,
				74A089A27EF1C36C0A4706F7 /* Pods_breakpoint.framework */,
			);
			name = Frameworks;
			sourceTree = "<group>";
		};
		E8F80CB6964177026BEFC2F8 /* Pods */ = {
			isa = PBXGroup;
			children = (
				755DF016C66676272A0A9B31 /* Pods-breakpoint.debug.xcconfig */,
				0500FB48C7D66443ABCDA646 /* Pods-breakpoint.release.xcconfig */,
			);
			path = Pods;
			sourceTree = "<group>";
		};
/* End PBXGroup section */

/* Begin PBXNativeTarget section */
		8D3B4967241A17050060F7B4 /* breakpoint */ = {
			isa = PBXNativeTarget;
			buildConfigurationList = 8D3B497E241A17060060F7B4 /* Build configuration list for PBXNativeTarget "breakpoint" */;
			buildPhases = (
				C1E0A75E1B709DD061EA771D /* [CP] Check Pods Manifest.lock */,
				8D3B4964241A17050060F7B4 /* Sources */,
				8D3B4965241A17050060F7B4 /* Frameworks */,
				8D3B4966241A17050060F7B4 /* Resources */,
				8DFA1575242F864700F06C82 /* Embed Frameworks */,
				438FC2368423D3C49DC54D85 /* [CP] Embed Pods Frameworks */,
			);
			buildRules = (
			);
			dependencies = (
			);
			name = breakpoint;
			productName = breakpoint;
			productReference = 8D3B4968241A17050060F7B4 /* breakpoint.app */;
			productType = "com.apple.product-type.application";
		};
/* End PBXNativeTarget section */

/* Begin PBXProject section */
		8D3B4960241A17050060F7B4 /* Project object */ = {
			isa = PBXProject;
			attributes = {
				LastSwiftUpdateCheck = 1130;
				LastUpgradeCheck = 1130;
				ORGANIZATIONNAME = dwirandyh.com;
				TargetAttributes = {
					8D3B4967241A17050060F7B4 = {
						CreatedOnToolsVersion = 11.3.1;
					};
				};
			};
			buildConfigurationList = 8D3B4963241A17050060F7B4 /* Build configuration list for PBXProject "breakpoint" */;
			compatibilityVersion = "Xcode 9.3";
			developmentRegion = en;
			hasScannedForEncodings = 0;
			knownRegions = (
				en,
				Base,
			);
			mainGroup = 8D3B495F241A17050060F7B4;
			productRefGroup = 8D3B4969241A17050060F7B4 /* Products */;
			projectDirPath = "";
			projectRoot = "";
			targets = (
				8D3B4967241A17050060F7B4 /* breakpoint */,
			);
		};
/* End PBXProject section */

/* Begin PBXResourcesBuildPhase section */
		8D3B4966241A17050060F7B4 /* Resources */ = {
			isa = PBXResourcesBuildPhase;
			buildActionMask = 2147483647;
			files = (
				8D3B497A241A17060060F7B4 /* LaunchScreen.storyboard in Resources */,
				8DD9A917241A1D9B004C4A44 /* GoogleService-Info.plist in Resources */,
				8D3B4977241A17060060F7B4 /* Assets.xcassets in Resources */,
				8D3B4975241A17050060F7B4 /* Main.storyboard in Resources */,
			);
			runOnlyForDeploymentPostprocessing = 0;
		};
/* End PBXResourcesBuildPhase section */

/* Begin PBXShellScriptBuildPhase section */
		438FC2368423D3C49DC54D85 /* [CP] Embed Pods Frameworks */ = {
			isa = PBXShellScriptBuildPhase;
			buildActionMask = 2147483647;
			files = (
			);
			inputFileListPaths = (
				"${PODS_ROOT}/Target Support Files/Pods-breakpoint/Pods-breakpoint-frameworks-${CONFIGURATION}-input-files.xcfilelist",
			);
			name = "[CP] Embed Pods Frameworks";
			outputFileListPaths = (
				"${PODS_ROOT}/Target Support Files/Pods-breakpoint/Pods-breakpoint-frameworks-${CONFIGURATION}-output-files.xcfilelist",
			);
			runOnlyForDeploymentPostprocessing = 0;
			shellPath = /bin/sh;
			shellScript = "\"${PODS_ROOT}/Target Support Files/Pods-breakpoint/Pods-breakpoint-frameworks.sh\"\n";
			showEnvVarsInLog = 0;
		};
		C1E0A75E1B709DD061EA771D /* [CP] Check Pods Manifest.lock */ = {
			isa = PBXShellScriptBuildPhase;
			buildActionMask = 2147483647;
			files = (
			);
			inputFileListPaths = (
			);
			inputPaths = (
				"${PODS_PODFILE_DIR_PATH}/Podfile.lock",
				"${PODS_ROOT}/Manifest.lock",
			);
			name = "[CP] Check Pods Manifest.lock";
			outputFileListPaths = (
			);
			outputPaths = (
				"$(DERIVED_FILE_DIR)/Pods-breakpoint-checkManifestLockResult.txt",
			);
			runOnlyForDeploymentPostprocessing = 0;
			shellPath = /bin/sh;
			shellScript = "diff \"${PODS_PODFILE_DIR_PATH}/Podfile.lock\" \"${PODS_ROOT}/Manifest.lock\" > /dev/null\nif [ $? != 0 ] ; then\n    # print error to STDERR\n    echo \"error: The sandbox is not in sync with the Podfile.lock. Run 'pod install' or update your CocoaPods installation.\" >&2\n    exit 1\nfi\n# This output is used by Xcode 'outputs' to avoid re-running this script phase.\necho \"SUCCESS\" > \"${SCRIPT_OUTPUT_FILE_0}\"\n";
			showEnvVarsInLog = 0;
		};
/* End PBXShellScriptBuildPhase section */

/* Begin PBXSourcesBuildPhase section */
		8D3B4964241A17050060F7B4 /* Sources */ = {
			isa = PBXSourcesBuildPhase;
			buildActionMask = 2147483647;
			files = (
				8D3A05FE241A5F38007A6B95 /* ShadowView.swift in Sources */,
				8DFA151F242F5F0200F06C82 /* GroupFeedVC.swift in Sources */,
				8D94D9C0241FDCD9003A204A /* MeVC.swift in Sources */,
				8D3A05F8241A33FA007A6B95 /* AuthVC.swift in Sources */,
				8D3B4972241A17050060F7B4 /* GroupVC.swift in Sources */,
				8D5EC3BA242C8BB100EEB86B /* UserCell.swift in Sources */,
				8D3A05FA241A345E007A6B95 /* LoginVC.swift in Sources */,
				8D3A05FC241A3E7C007A6B95 /* InsetTextField.swift in Sources */,
				8D3B4970241A17050060F7B4 /* FeedVC.swift in Sources */,
				8DEFF2012422672C0072527E /* FeedCell.swift in Sources */,
				8D34E4A4242DD60F009D4CB4 /* GroupCell.swift in Sources */,
				8D3C5B43242124A000C518A8 /* CreatePostVC.swift in Sources */,
				8DEFF1FF24225F740072527E /* UIViewExtension.swift in Sources */,
				8D3B496E241A17050060F7B4 /* SceneDelegate.swift in Sources */,
				8D35C528242527C80037700C /* CreateGroupsVC.swift in Sources */,
				8D94D9BE241FBF31003A204A /* AppDelegate.swift in Sources */,
				8DFA151D242F5DCA00F06C82 /* GroupFeedCell.swift in Sources */,
			);
			runOnlyForDeploymentPostprocessing = 0;
		};
/* End PBXSourcesBuildPhase section */

/* Begin PBXVariantGroup section */
		8D3B4973241A17050060F7B4 /* Main.storyboard */ = {
			isa = PBXVariantGroup;
			children = (
				8D3B4974241A17050060F7B4 /* Base */,
				8DFA1521242F5F4100F06C82 /* en */,
			);
			name = Main.storyboard;
			sourceTree = "<group>";
		};
		8D3B4978241A17060060F7B4 /* LaunchScreen.storyboard */ = {
			isa = PBXVariantGroup;
			children = (
				8D3B4979241A17060060F7B4 /* Base */,
			);
			name = LaunchScreen.storyboard;
			sourceTree = "<group>";
		};
/* End PBXVariantGroup section */

/* Begin XCBuildConfiguration section */
		8D3B497C241A17060060F7B4 /* Debug */ = {
			isa = XCBuildConfiguration;
			buildSettings = {
				ALWAYS_SEARCH_USER_PATHS = NO;
				CLANG_ANALYZER_NONNULL = YES;
				CLANG_ANALYZER_NUMBER_OBJECT_CONVERSION = YES_AGGRESSIVE;
				CLANG_CXX_LANGUAGE_STANDARD = "gnu++14";
				CLANG_CXX_LIBRARY = "libc++";
				CLANG_ENABLE_MODULES = YES;
				CLANG_ENABLE_OBJC_ARC = YES;
				CLANG_ENABLE_OBJC_WEAK = YES;
				CLANG_WARN_BLOCK_CAPTURE_AUTORELEASING = YES;
				CLANG_WARN_BOOL_CONVERSION = YES;
				CLANG_WARN_COMMA = YES;
				CLANG_WARN_CONSTANT_CONVERSION = YES;
				CLANG_WARN_DEPRECATED_OBJC_IMPLEMENTATIONS = YES;
				CLANG_WARN_DIRECT_OBJC_ISA_USAGE = YES_ERROR;
				CLANG_WARN_DOCUMENTATION_COMMENTS = YES;
				CLANG_WARN_EMPTY_BODY = YES;
				CLANG_WARN_ENUM_CONVERSION = YES;
				CLANG_WARN_INFINITE_RECURSION = YES;
				CLANG_WARN_INT_CONVERSION = YES;
				CLANG_WARN_NON_LITERAL_NULL_CONVERSION = YES;
				CLANG_WARN_OBJC_IMPLICIT_RETAIN_SELF = YES;
				CLANG_WARN_OBJC_LITERAL_CONVERSION = YES;
				CLANG_WARN_OBJC_ROOT_CLASS = YES_ERROR;
				CLANG_WARN_RANGE_LOOP_ANALYSIS = YES;
				CLANG_WARN_STRICT_PROTOTYPES = YES;
				CLANG_WARN_SUSPICIOUS_MOVE = YES;
				CLANG_WARN_UNGUARDED_AVAILABILITY = YES_AGGRESSIVE;
				CLANG_WARN_UNREACHABLE_CODE = YES;
				CLANG_WARN__DUPLICATE_METHOD_MATCH = YES;
				COPY_PHASE_STRIP = NO;
				DEBUG_INFORMATION_FORMAT = dwarf;
				ENABLE_STRICT_OBJC_MSGSEND = YES;
				ENABLE_TESTABILITY = YES;
				GCC_C_LANGUAGE_STANDARD = gnu11;
				GCC_DYNAMIC_NO_PIC = NO;
				GCC_NO_COMMON_BLOCKS = YES;
				GCC_OPTIMIZATION_LEVEL = 0;
				GCC_PREPROCESSOR_DEFINITIONS = (
					"DEBUG=1",
					"$(inherited)",
				);
				GCC_WARN_64_TO_32_BIT_CONVERSION = YES;
				GCC_WARN_ABOUT_RETURN_TYPE = YES_ERROR;
				GCC_WARN_UNDECLARED_SELECTOR = YES;
				GCC_WARN_UNINITIALIZED_AUTOS = YES_AGGRESSIVE;
				GCC_WARN_UNUSED_FUNCTION = YES;
				GCC_WARN_UNUSED_VARIABLE = YES;
				IPHONEOS_DEPLOYMENT_TARGET = 13.2;
				MTL_ENABLE_DEBUG_INFO = INCLUDE_SOURCE;
				MTL_FAST_MATH = YES;
				ONLY_ACTIVE_ARCH = YES;
				SDKROOT = iphoneos;
				SWIFT_ACTIVE_COMPILATION_CONDITIONS = DEBUG;
				SWIFT_OPTIMIZATION_LEVEL = "-Onone";
			};
			name = Debug;
		};
		8D3B497D241A17060060F7B4 /* Release */ = {
			isa = XCBuildConfiguration;
			buildSettings = {
				ALWAYS_SEARCH_USER_PATHS = NO;
				CLANG_ANALYZER_NONNULL = YES;
				CLANG_ANALYZER_NUMBER_OBJECT_CONVERSION = YES_AGGRESSIVE;
				CLANG_CXX_LANGUAGE_STANDARD = "gnu++14";
				CLANG_CXX_LIBRARY = "libc++";
				CLANG_ENABLE_MODULES = YES;
				CLANG_ENABLE_OBJC_ARC = YES;
				CLANG_ENABLE_OBJC_WEAK = YES;
				CLANG_WARN_BLOCK_CAPTURE_AUTORELEASING = YES;
				CLANG_WARN_BOOL_CONVERSION = YES;
				CLANG_WARN_COMMA = YES;
				CLANG_WARN_CONSTANT_CONVERSION = YES;
				CLANG_WARN_DEPRECATED_OBJC_IMPLEMENTATIONS = YES;
				CLANG_WARN_DIRECT_OBJC_ISA_USAGE = YES_ERROR;
				CLANG_WARN_DOCUMENTATION_COMMENTS = YES;
				CLANG_WARN_EMPTY_BODY = YES;
				CLANG_WARN_ENUM_CONVERSION = YES;
				CLANG_WARN_INFINITE_RECURSION = YES;
				CLANG_WARN_INT_CONVERSION = YES;
				CLANG_WARN_NON_LITERAL_NULL_CONVERSION = YES;
				CLANG_WARN_OBJC_IMPLICIT_RETAIN_SELF = YES;
				CLANG_WARN_OBJC_LITERAL_CONVERSION = YES;
				CLANG_WARN_OBJC_ROOT_CLASS = YES_ERROR;
				CLANG_WARN_RANGE_LOOP_ANALYSIS = YES;
				CLANG_WARN_STRICT_PROTOTYPES = YES;
				CLANG_WARN_SUSPICIOUS_MOVE = YES;
				CLANG_WARN_UNGUARDED_AVAILABILITY = YES_AGGRESSIVE;
				CLANG_WARN_UNREACHABLE_CODE = YES;
				CLANG_WARN__DUPLICATE_METHOD_MATCH = YES;
				COPY_PHASE_STRIP = NO;
				DEBUG_INFORMATION_FORMAT = "dwarf-with-dsym";
				ENABLE_NS_ASSERTIONS = NO;
				ENABLE_STRICT_OBJC_MSGSEND = YES;
				GCC_C_LANGUAGE_STANDARD = gnu11;
				GCC_NO_COMMON_BLOCKS = YES;
				GCC_WARN_64_TO_32_BIT_CONVERSION = YES;
				GCC_WARN_ABOUT_RETURN_TYPE = YES_ERROR;
				GCC_WARN_UNDECLARED_SELECTOR = YES;
				GCC_WARN_UNINITIALIZED_AUTOS = YES_AGGRESSIVE;
				GCC_WARN_UNUSED_FUNCTION = YES;
				GCC_WARN_UNUSED_VARIABLE = YES;
				IPHONEOS_DEPLOYMENT_TARGET = 13.2;
				MTL_ENABLE_DEBUG_INFO = NO;
				MTL_FAST_MATH = YES;
				SDKROOT = iphoneos;
				SWIFT_COMPILATION_MODE = wholemodule;
				SWIFT_OPTIMIZATION_LEVEL = "-O";
				VALIDATE_PRODUCT = YES;
			};
			name = Release;
		};
		8D3B497F241A17060060F7B4 /* Debug */ = {
			isa = XCBuildConfiguration;
			baseConfigurationReference = 755DF016C66676272A0A9B31 /* Pods-breakpoint.debug.xcconfig */;
			buildSettings = {
				ASSETCATALOG_COMPILER_APPICON_NAME = AppIcon;
				CODE_SIGN_STYLE = Automatic;
				DEVELOPMENT_TEAM = 5B2L4KSFG2;
				INFOPLIST_FILE = breakpoint/Info.plist;
				LD_RUNPATH_SEARCH_PATHS = (
					"$(inherited)",
					"@executable_path/Frameworks",
				);
				PRODUCT_BUNDLE_IDENTIFIER = com.dwirandyh.breakpoint;
				PRODUCT_NAME = "$(TARGET_NAME)";
				SWIFT_VERSION = 5.0;
				TARGETED_DEVICE_FAMILY = "1,2";
			};
			name = Debug;
		};
		8D3B4980241A17060060F7B4 /* Release */ = {
			isa = XCBuildConfiguration;
			baseConfigurationReference = 0500FB48C7D66443ABCDA646 /* Pods-breakpoint.release.xcconfig */;
			buildSettings = {
				ASSETCATALOG_COMPILER_APPICON_NAME = AppIcon;
				CODE_SIGN_STYLE = Automatic;
				DEVELOPMENT_TEAM = 5B2L4KSFG2;
				INFOPLIST_FILE = breakpoint/Info.plist;
				LD_RUNPATH_SEARCH_PATHS = (
					"$(inherited)",
					"@executable_path/Frameworks",
				);
				PRODUCT_BUNDLE_IDENTIFIER = com.dwirandyh.breakpoint;
				PRODUCT_NAME = "$(TARGET_NAME)";
				SWIFT_VERSION = 5.0;
				TARGETED_DEVICE_FAMILY = "1,2";
			};
			name = Release;
		};
/* End XCBuildConfiguration section */

/* Begin XCConfigurationList section */
		8D3B4963241A17050060F7B4 /* Build configuration list for PBXProject "breakpoint" */ = {
			isa = XCConfigurationList;
			buildConfigurations = (
				8D3B497C241A17060060F7B4 /* Debug */,
				8D3B497D241A17060060F7B4 /* Release */,
			);
			defaultConfigurationIsVisible = 0;
			defaultConfigurationName = Release;
		};
		8D3B497E241A17060060F7B4 /* Build configuration list for PBXNativeTarget "breakpoint" */ = {
			isa = XCConfigurationList;
			buildConfigurations = (
				8D3B497F241A17060060F7B4 /* Debug */,
				8D3B4980241A17060060F7B4 /* Release */,
			);
			defaultConfigurationIsVisible = 0;
			defaultConfigurationName = Release;
		};
/* End XCConfigurationList section */
	};
	rootObject = 8D3B4960241A17050060F7B4 /* Project object */;
}
